<?xml version="1.0" encoding="utf-8"?>
<Project ToolsVersion="4.0" xmlns="http://schemas.microsoft.com/developer/msbuild/2003">
  <ItemGroup>
    <Filter Include="소스 파일">
      <UniqueIdentifier>{4FC737F1-C7A5-4376-A066-2A32D752A2FF}</UniqueIdentifier>
      <Extensions>cpp;c;cc;cxx;c++;cppm;ixx;def;odl;idl;hpj;bat;asm;asmx</Extensions>
    </Filter>
    <Filter Include="헤더 파일">
      <UniqueIdentifier>{93995380-89BD-4b04-88EB-625FBE52EBFB}</UniqueIdentifier>
      <Extensions>h;hh;hpp;hxx;h++;hm;inl;inc;ipp;xsd</Extensions>
    </Filter>
    <Filter Include="리소스 파일">
      <UniqueIdentifier>{67DA6AB6-F800-4c08-8B7A-83BB121AAD01}</UniqueIdentifier>
      <Extensions>rc;ico;cur;bmp;dlg;rc2;rct;bin;rgs;gif;jpg;jpeg;jpe;resx;tiff;tif;png;wav;mfcribbon-ms</Extensions>
    </Filter>
    <Filter Include="소스 파일\챕터 2">
      <UniqueIdentifier>{9069195b-1465-4b2a-a196-d4fdb4b3eb2f}</UniqueIdentifier>
    </Filter>
    <Filter Include="소스 파일\챕터 3">
      <UniqueIdentifier>{0f8a219d-0009-4cb8-a01a-b88db5304649}</UniqueIdentifier>
    </Filter>
    <Filter Include="소스 파일\챕터 4">
      <UniqueIdentifier>{3af5e653-85f9-4251-aac3-4edbd3126183}</UniqueIdentifier>
    </Filter>
  </ItemGroup>
  <ItemGroup>
    <ClInclude Include="framework.h">
      <Filter>헤더 파일</Filter>
    </ClInclude>
    <ClInclude Include="targetver.h">
      <Filter>헤더 파일</Filter>
    </ClInclude>
    <ClInclude Include="Resource.h">
      <Filter>헤더 파일</Filter>
    </ClInclude>
    <ClInclude Include="Window Programming.h">
      <Filter>헤더 파일</Filter>
    </ClInclude>
    <ClInclude Include="resource1.h">
      <Filter>헤더 파일</Filter>
    </ClInclude>
  </ItemGroup>
  <ItemGroup>
    <ClCompile Include="2-1.cpp">
      <Filter>소스 파일\챕터 2</Filter>
    </ClCompile>
    <ClCompile Include="2-2.cpp">
      <Filter>소스 파일\챕터 2</Filter>
    </ClCompile>
    <ClCompile Include="2-3.cpp">
      <Filter>소스 파일\챕터 2</Filter>
    </ClCompile>
    <ClCompile Include="2-4.cpp">
      <Filter>소스 파일\챕터 2</Filter>
    </ClCompile>
    <ClCompile Include="2-5.cpp">
      <Filter>소스 파일\챕터 2</Filter>
    </ClCompile>
    <ClCompile Include="2-6.cpp">
      <Filter>소스 파일\챕터 2</Filter>
    </ClCompile>
    <ClCompile Include="2-7, 8, 9.cpp">
      <Filter>소스 파일\챕터 2</Filter>
    </ClCompile>
    <ClCompile Include="2-10.cpp">
      <Filter>소스 파일\챕터 2</Filter>
    </ClCompile>
    <ClCompile Include="2-11.cpp">
      <Filter>소스 파일\챕터 2</Filter>
    </ClCompile>
    <ClCompile Include="2-12.cpp">
      <Filter>소스 파일\챕터 2</Filter>
    </ClCompile>
    <ClCompile Include="2-13.cpp">
      <Filter>소스 파일\챕터 2</Filter>
    </ClCompile>
    <ClCompile Include="2-14.cpp">
      <Filter>소스 파일\챕터 2</Filter>
    </ClCompile>
    <ClCompile Include="2-15.cpp">
      <Filter>소스 파일\챕터 2</Filter>
    </ClCompile>
    <ClCompile Include="3-1.cpp">
      <Filter>소스 파일\챕터 3</Filter>
    </ClCompile>
    <ClCompile Include="3-2.cpp">
      <Filter>소스 파일\챕터 3</Filter>
    </ClCompile>
    <ClCompile Include="3-3.cpp">
      <Filter>소스 파일\챕터 3</Filter>
    </ClCompile>
    <ClCompile Include="3-4.cpp">
      <Filter>소스 파일\챕터 3</Filter>
    </ClCompile>
    <ClCompile Include="3-5.cpp">
      <Filter>소스 파일\챕터 3</Filter>
    </ClCompile>
    <ClCompile Include="3-6.cpp">
      <Filter>소스 파일\챕터 3</Filter>
    </ClCompile>
    <ClCompile Include="4-1.cpp">
      <Filter>소스 파일\챕터 4</Filter>
    </ClCompile>
    <ClCompile Include="4-2.cpp">
      <Filter>소스 파일\챕터 4</Filter>
    </ClCompile>
    <ClCompile Include="4-3.cpp">
      <Filter>소스 파일\챕터 4</Filter>
    </ClCompile>
  </ItemGroup>
  <ItemGroup>
    <ResourceCompile Include="Window Programming.rc">
      <Filter>리소스 파일</Filter>
    </ResourceCompile>
    <ResourceCompile Include="4-3Resource.rc">
      <Filter>리소스 파일</Filter>
    </ResourceCompile>
  </ItemGroup>
  <ItemGroup>
    <Image Include="small.ico">
      <Filter>리소스 파일</Filter>
    </Image>
    <Image Include="Window Programming.ico">
      <Filter>리소스 파일</Filter>
    </Image>
  </ItemGroup>
</Project>